Microsoft Visual Studio Solution File, Format Version 12.00
# Visual Studio 15
VisualStudioVersion = 15.0.27130.2026
MinimumVisualStudioVersion = 10.0.40219.1
Project("{FAE04EC0-301F-11D3-BF4B-00C04F79EFBC}") = "InstantCalculator", "InstantCalculator\InstantCalculator.csproj", "{42958AFE-3508-4437-B00B-177A8C4D96D1}"
EndProject
Project("{FAE04EC0-301F-11D3-BF4B-00C04F79EFBC}") = "InstantCalculator.Gtk", "InstantCalculator.Gtk\InstantCalculator.Gtk.csproj", "{00872971-A455-4F1D-9688-FCA2CBA792AF}"
EndProject
Project("{FAE04EC0-301F-11D3-BF4B-00C04F79EFBC}") = "InstantCalculator.WinForms", "InstantCalculator.WinForms\InstantCalculator.WinForms.csproj", "{8133E6EB-A3F1-44E6-9414-361B9DE3F497}"
EndProject
Project("{FAE04EC0-301F-11D3-BF4B-00C04F79EFBC}") = "InstantCalculator.Mac", "InstantCalculator.Mac\InstantCalculator.Mac.csproj", "{48C9F3AC-FB15-4690-9120-5F4B2EF94FB5}"
EndProject
Project("{FAE04EC0-301F-11D3-BF4B-00C04F79EFBC}") = "InstantCalculator.Wpf", "InstantCalculator.Wpf\InstantCalculator.Wpf.csproj", "{21FDCF1B-12C1-47B5-969E-82907F36C624}"
EndProject
Project("{FAE04EC0-301F-11D3-BF4B-00C04F79EFBC}") = "InstantCalculator.XamMac", "InstantCalculator.XamMac\InstantCalculator.XamMac.csproj", "{94F8EAB8-9DB3-498B-A28E-291232F5AA1C}"
EndProject
Global
	GlobalSection(SolutionConfigurationPlatforms) = preSolution
		Debug|Any CPU = Debug|Any CPU
		Release|Any CPU = Release|Any CPU
	EndGlobalSection
	GlobalSection(ProjectConfigurationPlatforms) = postSolution
		{42958AFE-3508-4437-B00B-177A8C4D96D1}.Debug|Any CPU.ActiveCfg = Debug|Any CPU
		{42958AFE-3508-4437-B00B-177A8C4D96D1}.Debug|Any CPU.Build.0 = Debug|Any CPU
		{42958AFE-3508-4437-B00B-177A8C4D96D1}.Release|Any CPU.ActiveCfg = Release|Any CPU
		{42958AFE-3508-4437-B00B-177A8C4D96D1}.Release|Any CPU.Build.0 = Release|Any CPU
		{00872971-A455-4F1D-9688-FCA2CBA792AF}.Debug|Any CPU.ActiveCfg = Debug|Any CPU
		{00872971-A455-4F1D-9688-FCA2CBA792AF}.Debug|Any CPU.Build.0 = Debug|Any CPU
		{00872971-A455-4F1D-9688-FCA2CBA792AF}.Release|Any CPU.ActiveCfg = Release|Any CPU
		{00872971-A455-4F1D-9688-FCA2CBA792AF}.Release|Any CPU.Build.0 = Release|Any CPU
		{8133E6EB-A3F1-44E6-9414-361B9DE3F497}.Debug|Any CPU.ActiveCfg = Debug|Any CPU
		{8133E6EB-A3F1-44E6-9414-361B9DE3F497}.Debug|Any CPU.Build.0 = Debug|Any CPU
		{8133E6EB-A3F1-44E6-9414-361B9DE3F497}.Release|Any CPU.ActiveCfg = Release|Any CPU
		{8133E6EB-A3F1-44E6-9414-361B9DE3F497}.Release|Any CPU.Build.0 = Release|Any CPU
		{48C9F3AC-FB15-4690-9120-5F4B2EF94FB5}.Debug|Any CPU.ActiveCfg = Debug|Any CPU
		{48C9F3AC-FB15-4690-9120-5F4B2EF94FB5}.Debug|Any CPU.Build.0 = Debug|Any CPU
		{48C9F3AC-FB15-4690-9120-5F4B2EF94FB5}.Release|Any CPU.ActiveCfg = Release|Any CPU
		{48C9F3AC-FB15-4690-9120-5F4B2EF94FB5}.Release|Any CPU.Build.0 = Release|Any CPU
		{21FDCF1B-12C1-47B5-969E-82907F36C624}.Debug|Any CPU.ActiveCfg = Debug|Any CPU
		{21FDCF1B-12C1-47B5-969E-82907F36C624}.Debug|Any CPU.Build.0 = Debug|Any CPU
		{21FDCF1B-12C1-47B5-969E-82907F36C624}.Release|Any CPU.ActiveCfg = Release|Any CPU
		{21FDCF1B-12C1-47B5-969E-82907F36C624}.Release|Any CPU.Build.0 = Release|Any CPU
		{94F8EAB8-9DB3-498B-A28E-291232F5AA1C}.Debug|Any CPU.ActiveCfg = Debug|Any CPU
		{94F8EAB8-9DB3-498B-A28E-291232F5AA1C}.Debug|Any CPU.Build.0 = Debug|Any CPU
		{94F8EAB8-9DB3-498B-A28E-291232F5AA1C}.Release|Any CPU.ActiveCfg = Release|Any CPU
		{94F8EAB8-9DB3-498B-A28E-291232F5AA1C}.Release|Any CPU.Build.0 = Release|Any CPU
	EndGlobalSection
	GlobalSection(SolutionProperties) = preSolution
		HideSolutionNode = FALSE
	EndGlobalSection
	GlobalSection(ExtensibilityGlobals) = postSolution
		SolutionGuid = {47857121-F23B-4FD1-B3FD-23A0B03BB92D}
	EndGlobalSection
EndGlobal
